{
  "name": "tennis",
  "requires": true,
  "lockfileVersion": 1,
  "dependencies": {
    "bootstrap-slider": {
      "version": "10.0.2",
      "resolved": "https://registry.npmjs.org/bootstrap-slider/-/bootstrap-slider-10.0.2.tgz",
      "integrity": "sha1-RC2EKTrqJIoxsaP5dqw3N6c2KmI="
    }
  }
}
